
Microsoft Visual Studio Solution File, Format Version 12.00
# Visual Studio 2013
VisualStudioVersion = 12.0.21005.1
MinimumVisualStudioVersion = 10.0.40219.1
Project("{FAE04EC0-301F-11D3-BF4B-00C04F79EFBC}") = "WinFormClient", "empi performance load testing\WinFormClient.csproj", "{F76C3C34-A52C-4E20-BAF0-0E06765465B2}"
EndProject
Project("{FAE04EC0-301F-11D3-BF4B-00C04F79EFBC}") = "HL7-TCP", "HL7-TCP\HL7-TCP.csproj", "{4789C45C-86FD-4ACE-9191-BE8DE13039CE}"
EndProject
Project("{FAE04EC0-301F-11D3-BF4B-00C04F79EFBC}") = "Web", "Web\Web.csproj", "{A2B5DB48-48D0-48EE-A7F0-8856D8A49507}"
EndProject
Global
	GlobalSection(SolutionConfigurationPlatforms) = preSolution
		Debug|Any CPU = Debug|Any CPU
		Release|Any CPU = Release|Any CPU
	EndGlobalSection
	GlobalSection(ProjectConfigurationPlatforms) = postSolution
		{F76C3C34-A52C-4E20-BAF0-0E06765465B2}.Debug|Any CPU.ActiveCfg = Debug|Any CPU
		{F76C3C34-A52C-4E20-BAF0-0E06765465B2}.Debug|Any CPU.Build.0 = Debug|Any CPU
		{F76C3C34-A52C-4E20-BAF0-0E06765465B2}.Release|Any CPU.ActiveCfg = Release|Any CPU
		{F76C3C34-A52C-4E20-BAF0-0E06765465B2}.Release|Any CPU.Build.0 = Release|Any CPU
		{4789C45C-86FD-4ACE-9191-BE8DE13039CE}.Debug|Any CPU.ActiveCfg = Debug|Any CPU
		{4789C45C-86FD-4ACE-9191-BE8DE13039CE}.Debug|Any CPU.Build.0 = Debug|Any CPU
		{4789C45C-86FD-4ACE-9191-BE8DE13039CE}.Release|Any CPU.ActiveCfg = Release|Any CPU
		{4789C45C-86FD-4ACE-9191-BE8DE13039CE}.Release|Any CPU.Build.0 = Release|Any CPU
		{A2B5DB48-48D0-48EE-A7F0-8856D8A49507}.Debug|Any CPU.ActiveCfg = Debug|Any CPU
		{A2B5DB48-48D0-48EE-A7F0-8856D8A49507}.Debug|Any CPU.Build.0 = Debug|Any CPU
		{A2B5DB48-48D0-48EE-A7F0-8856D8A49507}.Release|Any CPU.ActiveCfg = Release|Any CPU
		{A2B5DB48-48D0-48EE-A7F0-8856D8A49507}.Release|Any CPU.Build.0 = Release|Any CPU
	EndGlobalSection
	GlobalSection(SolutionProperties) = preSolution
		HideSolutionNode = FALSE
	EndGlobalSection
EndGlobal
